
Microsoft Visual Studio Solution File, Format Version 12.00
# Visual Studio Version 16
VisualStudioVersion = 16.0.31025.194
MinimumVisualStudioVersion = 10.0.40219.1
Project("{FAE04EC0-301F-11D3-BF4B-00C04F79EFBC}") = "Composition View", "Composition View.csproj", "{1DD10BBD-F707-418B-A3F2-160AA01A767D}"
EndProject
Project("{FAE04EC0-301F-11D3-BF4B-00C04F79EFBC}") = "Old Photo cipher", "..\Image-cipher\Photo cipher\Photo cipher\Old Photo cipher.csproj", "{56FFB1EF-C8DA-4E83-A236-76AD8E805588}"
EndProject
Global
	GlobalSection(SolutionConfigurationPlatforms) = preSolution
		Debug|Any CPU = Debug|Any CPU
		Release|Any CPU = Release|Any CPU
	EndGlobalSection
	GlobalSection(ProjectConfigurationPlatforms) = postSolution
		{1DD10BBD-F707-418B-A3F2-160AA01A767D}.Debug|Any CPU.ActiveCfg = Debug|Any CPU
		{1DD10BBD-F707-418B-A3F2-160AA01A767D}.Debug|Any CPU.Build.0 = Debug|Any CPU
		{1DD10BBD-F707-418B-A3F2-160AA01A767D}.Release|Any CPU.ActiveCfg = Release|Any CPU
		{1DD10BBD-F707-418B-A3F2-160AA01A767D}.Release|Any CPU.Build.0 = Release|Any CPU
		{56FFB1EF-C8DA-4E83-A236-76AD8E805588}.Debug|Any CPU.ActiveCfg = Debug|Any CPU
		{56FFB1EF-C8DA-4E83-A236-76AD8E805588}.Debug|Any CPU.Build.0 = Debug|Any CPU
		{56FFB1EF-C8DA-4E83-A236-76AD8E805588}.Release|Any CPU.ActiveCfg = Release|Any CPU
		{56FFB1EF-C8DA-4E83-A236-76AD8E805588}.Release|Any CPU.Build.0 = Release|Any CPU
	EndGlobalSection
	GlobalSection(SolutionProperties) = preSolution
		HideSolutionNode = FALSE
	EndGlobalSection
	GlobalSection(ExtensibilityGlobals) = postSolution
		SolutionGuid = {01D9F181-B393-468C-8C7F-AF0ACD3978B1}
	EndGlobalSection
EndGlobal
